
Microsoft Visual Studio Solution File, Format Version 12.00
# Visual Studio Version 16
VisualStudioVersion = 16.0.31129.286
MinimumVisualStudioVersion = 10.0.40219.1
Project("{FAE04EC0-301F-11D3-BF4B-00C04F79EFBC}") = "WebsiteForAltanEmuce", "WebsiteForAltanEmuce\WebsiteForAltanEmuce.csproj", "{68F2871C-F93D-4F95-9BCE-72E689745E8D}"
EndProject
Global
	GlobalSection(SolutionConfigurationPlatforms) = preSolution
		Debug|Any CPU = Debug|Any CPU
		Release|Any CPU = Release|Any CPU
	EndGlobalSection
	GlobalSection(ProjectConfigurationPlatforms) = postSolution
		{68F2871C-F93D-4F95-9BCE-72E689745E8D}.Debug|Any CPU.ActiveCfg = Debug|Any CPU
		{68F2871C-F93D-4F95-9BCE-72E689745E8D}.Debug|Any CPU.Build.0 = Debug|Any CPU
		{68F2871C-F93D-4F95-9BCE-72E689745E8D}.Release|Any CPU.ActiveCfg = Release|Any CPU
		{68F2871C-F93D-4F95-9BCE-72E689745E8D}.Release|Any CPU.Build.0 = Release|Any CPU
	EndGlobalSection
	GlobalSection(SolutionProperties) = preSolution
		HideSolutionNode = FALSE
	EndGlobalSection
	GlobalSection(ExtensibilityGlobals) = postSolution
		SolutionGuid = {E39C37AA-37D1-4D1D-992A-553CFC323713}
	EndGlobalSection
EndGlobal
